{
  "name": "node-red-contrib-fastest-validator",
  "version": "1.0.0",
  "lockfileVersion": 1,
  "requires": true,
  "dependencies": {
    "fastest-validator": {
      "version": "1.6.1",
      "resolved": "https://registry.npmjs.org/fastest-validator/-/fastest-validator-1.6.1.tgz",
      "integrity": "sha512-ZERqtib8U+wWyCeu+JfrxwLe4W1iZLYqMzeguNmNQ10oobkgI2/1UiDBp/64es8q51speTE4JeUNUemKkjY7Yg=="
    }
  }
}
